// !$*UTF8*$!
{
	archiveVersion = 1;
	classes = {
	};
	objectVersion = 56;
	objects = {

/* Begin PBXBuildFile section */
		C14C8DD82B937D75004DDED8 /* AppDelegate.swift in Sources */ = {isa = PBXBuildFile; fileRef = C14C8DD72B937D75004DDED8 /* AppDelegate.swift */; };
		C14C8DDA2B937D75004DDED8 /* SceneDelegate.swift in Sources */ = {isa = PBXBuildFile; fileRef = C14C8DD92B937D75004DDED8 /* SceneDelegate.swift */; };
		C14C8DDC2B937D75004DDED8 /* ImagesListViewController.swift in Sources */ = {isa = PBXBuildFile; fileRef = C14C8DDB2B937D75004DDED8 /* ImagesListViewController.swift */; };
		C14C8DDF2B937D75004DDED8 /* Main.storyboard in Resources */ = {isa = PBXBuildFile; fileRef = C14C8DDD2B937D75004DDED8 /* Main.storyboard */; };
		C14C8DE12B937D76004DDED8 /* Assets.xcassets in Resources */ = {isa = PBXBuildFile; fileRef = C14C8DE02B937D76004DDED8 /* Assets.xcassets */; };
		C14C8DE42B937D76004DDED8 /* LaunchScreen.storyboard in Resources */ = {isa = PBXBuildFile; fileRef = C14C8DE22B937D76004DDED8 /* LaunchScreen.storyboard */; };
		C1E60EBC2B9459E100F40115 /* ImagesListCell.swift in Sources */ = {isa = PBXBuildFile; fileRef = C1E60EBB2B9459E100F40115 /* ImagesListCell.swift */; };
		C1E60EBE2B95B09500F40115 /* .swiftlint.yml in Resources */ = {isa = PBXBuildFile; fileRef = C1E60EBD2B95B09500F40115 /* .swiftlint.yml */; };
		C1E60EC52B95B43800F40115 /* Date+Extensions.swift in Sources */ = {isa = PBXBuildFile; fileRef = C1E60EC42B95B43800F40115 /* Date+Extensions.swift */; };
		C1E60EC72B95BA7F00F40115 /* Array+Extensions.swift in Sources */ = {isa = PBXBuildFile; fileRef = C1E60EC62B95BA7F00F40115 /* Array+Extensions.swift */; };
		C1E60EC92B95CFBD00F40115 /* Gradient.swift in Sources */ = {isa = PBXBuildFile; fileRef = C1E60EC82B95CFBD00F40115 /* Gradient.swift */; };
/* End PBXBuildFile section */

/* Begin PBXFileReference section */
		C14C8DD42B937D75004DDED8 /* Pictorium.app */ = {isa = PBXFileReference; explicitFileType = wrapper.application; includeInIndex = 0; path = Pictorium.app; sourceTree = BUILT_PRODUCTS_DIR; };
		C14C8DD72B937D75004DDED8 /* AppDelegate.swift */ = {isa = PBXFileReference; lastKnownFileType = sourcecode.swift; path = AppDelegate.swift; sourceTree = "<group>"; };
		C14C8DD92B937D75004DDED8 /* SceneDelegate.swift */ = {isa = PBXFileReference; lastKnownFileType = sourcecode.swift; path = SceneDelegate.swift; sourceTree = "<group>"; };
		C14C8DDB2B937D75004DDED8 /* ImagesListViewController.swift */ = {isa = PBXFileReference; lastKnownFileType = sourcecode.swift; path = ImagesListViewController.swift; sourceTree = "<group>"; };
		C14C8DDE2B937D75004DDED8 /* Base */ = {isa = PBXFileReference; lastKnownFileType = file.storyboard; name = Base; path = Base.lproj/Main.storyboard; sourceTree = "<group>"; };
		C14C8DE02B937D76004DDED8 /* Assets.xcassets */ = {isa = PBXFileReference; lastKnownFileType = folder.assetcatalog; path = Assets.xcassets; sourceTree = "<group>"; };
		C14C8DE32B937D76004DDED8 /* Base */ = {isa = PBXFileReference; lastKnownFileType = file.storyboard; name = Base; path = Base.lproj/LaunchScreen.storyboard; sourceTree = "<group>"; };
		C14C8DE52B937D76004DDED8 /* Info.plist */ = {isa = PBXFileReference; lastKnownFileType = text.plist.xml; path = Info.plist; sourceTree = "<group>"; };
		C1E60EBB2B9459E100F40115 /* ImagesListCell.swift */ = {isa = PBXFileReference; lastKnownFileType = sourcecode.swift; path = ImagesListCell.swift; sourceTree = "<group>"; };
		C1E60EBD2B95B09500F40115 /* .swiftlint.yml */ = {isa = PBXFileReference; fileEncoding = 4; lastKnownFileType = text.yaml; path = .swiftlint.yml; sourceTree = "<group>"; };
		C1E60EC42B95B43800F40115 /* Date+Extensions.swift */ = {isa = PBXFileReference; lastKnownFileType = sourcecode.swift; path = "Date+Extensions.swift"; sourceTree = "<group>"; };
		C1E60EC62B95BA7F00F40115 /* Array+Extensions.swift */ = {isa = PBXFileReference; lastKnownFileType = sourcecode.swift; path = "Array+Extensions.swift"; sourceTree = "<group>"; };
		C1E60EC82B95CFBD00F40115 /* Gradient.swift */ = {isa = PBXFileReference; lastKnownFileType = sourcecode.swift; path = Gradient.swift; sourceTree = "<group>"; };
/* End PBXFileReference section */

/* Begin PBXFrameworksBuildPhase section */
		C14C8DD12B937D75004DDED8 /* Frameworks */ = {
			isa = PBXFrameworksBuildPhase;
			buildActionMask = 2147483647;
			files = (
			);
			runOnlyForDeploymentPostprocessing = 0;
		};
/* End PBXFrameworksBuildPhase section */

/* Begin PBXGroup section */
		C14C8DCB2B937D75004DDED8 = {
			isa = PBXGroup;
			children = (
				C1E60EBD2B95B09500F40115 /* .swiftlint.yml */,
				C14C8DD62B937D75004DDED8 /* Pictorium */,
				C14C8DD52B937D75004DDED8 /* Products */,
			);
			sourceTree = "<group>";
		};
		C14C8DD52B937D75004DDED8 /* Products */ = {
			isa = PBXGroup;
			children = (
				C14C8DD42B937D75004DDED8 /* Pictorium.app */,
			);
			name = Products;
			sourceTree = "<group>";
		};
		C14C8DD62B937D75004DDED8 /* Pictorium */ = {
			isa = PBXGroup;
			children = (
				C1E60EBF2B95B31D00F40115 /* Models */,
				C1E60EC02B95B32700F40115 /* Services */,
				C1E60EC12B95B33300F40115 /* Presentation */,
				C1E60EC22B95B33800F40115 /* Helpers */,
				C1E60EC32B95B33D00F40115 /* Resources */,
				C14C8DD72B937D75004DDED8 /* AppDelegate.swift */,
				C14C8DD92B937D75004DDED8 /* SceneDelegate.swift */,
				C14C8DE02B937D76004DDED8 /* Assets.xcassets */,
				C14C8DE52B937D76004DDED8 /* Info.plist */,
			);
			path = Pictorium;
			sourceTree = "<group>";
		};
		C1E60EBF2B95B31D00F40115 /* Models */ = {
			isa = PBXGroup;
			children = (
			);
			path = Models;
			sourceTree = "<group>";
		};
		C1E60EC02B95B32700F40115 /* Services */ = {
			isa = PBXGroup;
			children = (
			);
			path = Services;
			sourceTree = "<group>";
		};
		C1E60EC12B95B33300F40115 /* Presentation */ = {
			isa = PBXGroup;
			children = (
				C1E60EBB2B9459E100F40115 /* ImagesListCell.swift */,
				C14C8DDB2B937D75004DDED8 /* ImagesListViewController.swift */,
				C14C8DDD2B937D75004DDED8 /* Main.storyboard */,
				C1E60EC82B95CFBD00F40115 /* Gradient.swift */,
			);
			path = Presentation;
			sourceTree = "<group>";
		};
		C1E60EC22B95B33800F40115 /* Helpers */ = {
			isa = PBXGroup;
			children = (
				C1E60EC42B95B43800F40115 /* Date+Extensions.swift */,
				C1E60EC62B95BA7F00F40115 /* Array+Extensions.swift */,
			);
			path = Helpers;
			sourceTree = "<group>";
		};
		C1E60EC32B95B33D00F40115 /* Resources */ = {
			isa = PBXGroup;
			children = (
				C14C8DE22B937D76004DDED8 /* LaunchScreen.storyboard */,
			);
			path = Resources;
			sourceTree = "<group>";
		};
/* End PBXGroup section */

/* Begin PBXNativeTarget section */
		C14C8DD32B937D75004DDED8 /* Pictorium */ = {
			isa = PBXNativeTarget;
			buildConfigurationList = C14C8DE82B937D76004DDED8 /* Build configuration list for PBXNativeTarget "Pictorium" */;
			buildPhases = (
				C14C8DD02B937D75004DDED8 /* Sources */,
				C14C8DD12B937D75004DDED8 /* Frameworks */,
				C14C8DD22B937D75004DDED8 /* Resources */,
				C18038732B95D6360045BAB1 /* ShellScript */,
			);
			buildRules = (
			);
			dependencies = (
			);
			name = Pictorium;
			productName = Pictorium;
			productReference = C14C8DD42B937D75004DDED8 /* Pictorium.app */;
			productType = "com.apple.product-type.application";
		};
/* End PBXNativeTarget section */

/* Begin PBXProject section */
		C14C8DCC2B937D75004DDED8 /* Project object */ = {
			isa = PBXProject;
			attributes = {
				BuildIndependentTargetsInParallel = 1;
				LastSwiftUpdateCheck = 1520;
				LastUpgradeCheck = 1520;
				TargetAttributes = {
					C14C8DD32B937D75004DDED8 = {
						CreatedOnToolsVersion = 15.2;
					};
				};
			};
			buildConfigurationList = C14C8DCF2B937D75004DDED8 /* Build configuration list for PBXProject "Pictorium" */;
			compatibilityVersion = "Xcode 14.0";
			developmentRegion = en;
			hasScannedForEncodings = 0;
			knownRegions = (
				en,
				Base,
			);
			mainGroup = C14C8DCB2B937D75004DDED8;
			productRefGroup = C14C8DD52B937D75004DDED8 /* Products */;
			projectDirPath = "";
			projectRoot = "";
			targets = (
				C14C8DD32B937D75004DDED8 /* Pictorium */,
			);
		};
/* End PBXProject section */

/* Begin PBXResourcesBuildPhase section */
		C14C8DD22B937D75004DDED8 /* Resources */ = {
			isa = PBXResourcesBuildPhase;
			buildActionMask = 2147483647;
			files = (
				C1E60EBE2B95B09500F40115 /* .swiftlint.yml in Resources */,
				C14C8DE42B937D76004DDED8 /* LaunchScreen.storyboard in Resources */,
				C14C8DE12B937D76004DDED8 /* Assets.xcassets in Resources */,
				C14C8DDF2B937D75004DDED8 /* Main.storyboard in Resources */,
			);
			runOnlyForDeploymentPostprocessing = 0;
		};
/* End PBXResourcesBuildPhase section */

/* Begin PBXShellScriptBuildPhase section */
		C18038732B95D6360045BAB1 /* ShellScript */ = {
			isa = PBXShellScriptBuildPhase;
			alwaysOutOfDate = 1;
			buildActionMask = 2147483647;
			files = (
			);
			inputFileListPaths = (
			);
			inputPaths = (
			);
			outputFileListPaths = (
			);
			outputPaths = (
			);
			runOnlyForDeploymentPostprocessing = 0;
			shellPath = /bin/sh;
			shellScript = "if [[ \"$(uname -m)\" == arm64 ]]; then\n    export PATH=\"/opt/homebrew/bin:$PATH\"\nfi\n\nif which swiftlint > /dev/null; then\n  swiftlint\nelse\n  echo \"warning: SwiftLint not installed, download from https://github.com/realm/SwiftLint\"\nfi\n";
		};
/* End PBXShellScriptBuildPhase section */

/* Begin PBXSourcesBuildPhase section */
		C14C8DD02B937D75004DDED8 /* Sources */ = {
			isa = PBXSourcesBuildPhase;
			buildActionMask = 2147483647;
			files = (
				C14C8DDC2B937D75004DDED8 /* ImagesListViewController.swift in Sources */,
				C1E60EC72B95BA7F00F40115 /* Array+Extensions.swift in Sources */,
				C1E60EBC2B9459E100F40115 /* ImagesListCell.swift in Sources */,
				C1E60EC92B95CFBD00F40115 /* Gradient.swift in Sources */,
				C14C8DD82B937D75004DDED8 /* AppDelegate.swift in Sources */,
				C1E60EC52B95B43800F40115 /* Date+Extensions.swift in Sources */,
				C14C8DDA2B937D75004DDED8 /* SceneDelegate.swift in Sources */,
			);
			runOnlyForDeploymentPostprocessing = 0;
		};
/* End PBXSourcesBuildPhase section */

/* Begin PBXVariantGroup section */
		C14C8DDD2B937D75004DDED8 /* Main.storyboard */ = {
			isa = PBXVariantGroup;
			children = (
				C14C8DDE2B937D75004DDED8 /* Base */,
			);
			name = Main.storyboard;
			sourceTree = "<group>";
		};
		C14C8DE22B937D76004DDED8 /* LaunchScreen.storyboard */ = {
			isa = PBXVariantGroup;
			children = (
				C14C8DE32B937D76004DDED8 /* Base */,
			);
			name = LaunchScreen.storyboard;
			sourceTree = "<group>";
		};
/* End PBXVariantGroup section */

/* Begin XCBuildConfiguration section */
		C14C8DE62B937D76004DDED8 /* Debug */ = {
			isa = XCBuildConfiguration;
			buildSettings = {
				ALWAYS_SEARCH_USER_PATHS = NO;
				ASSETCATALOG_COMPILER_GENERATE_SWIFT_ASSET_SYMBOL_EXTENSIONS = YES;
				CLANG_ANALYZER_NONNULL = YES;
				CLANG_ANALYZER_NUMBER_OBJECT_CONVERSION = YES_AGGRESSIVE;
				CLANG_CXX_LANGUAGE_STANDARD = "gnu++20";
				CLANG_ENABLE_MODULES = YES;
				CLANG_ENABLE_OBJC_ARC = YES;
				CLANG_ENABLE_OBJC_WEAK = YES;
				CLANG_WARN_BLOCK_CAPTURE_AUTORELEASING = YES;
				CLANG_WARN_BOOL_CONVERSION = YES;
				CLANG_WARN_COMMA = YES;
				CLANG_WARN_CONSTANT_CONVERSION = YES;
				CLANG_WARN_DEPRECATED_OBJC_IMPLEMENTATIONS = YES;
				CLANG_WARN_DIRECT_OBJC_ISA_USAGE = YES_ERROR;
				CLANG_WARN_DOCUMENTATION_COMMENTS = YES;
				CLANG_WARN_EMPTY_BODY = YES;
				CLANG_WARN_ENUM_CONVERSION = YES;
				CLANG_WARN_INFINITE_RECURSION = YES;
				CLANG_WARN_INT_CONVERSION = YES;
				CLANG_WARN_NON_LITERAL_NULL_CONVERSION = YES;
				CLANG_WARN_OBJC_IMPLICIT_RETAIN_SELF = YES;
				CLANG_WARN_OBJC_LITERAL_CONVERSION = YES;
				CLANG_WARN_OBJC_ROOT_CLASS = YES_ERROR;
				CLANG_WARN_QUOTED_INCLUDE_IN_FRAMEWORK_HEADER = YES;
				CLANG_WARN_RANGE_LOOP_ANALYSIS = YES;
				CLANG_WARN_STRICT_PROTOTYPES = YES;
				CLANG_WARN_SUSPICIOUS_MOVE = YES;
				CLANG_WARN_UNGUARDED_AVAILABILITY = YES_AGGRESSIVE;
				CLANG_WARN_UNREACHABLE_CODE = YES;
				CLANG_WARN__DUPLICATE_METHOD_MATCH = YES;
				COPY_PHASE_STRIP = NO;
				DEBUG_INFORMATION_FORMAT = dwarf;
				ENABLE_STRICT_OBJC_MSGSEND = YES;
				ENABLE_TESTABILITY = YES;
				ENABLE_USER_SCRIPT_SANDBOXING = YES;
				GCC_C_LANGUAGE_STANDARD = gnu17;
				GCC_DYNAMIC_NO_PIC = NO;
				GCC_NO_COMMON_BLOCKS = YES;
				GCC_OPTIMIZATION_LEVEL = 0;
				GCC_PREPROCESSOR_DEFINITIONS = (
					"DEBUG=1",
					"$(inherited)",
				);
				GCC_WARN_64_TO_32_BIT_CONVERSION = YES;
				GCC_WARN_ABOUT_RETURN_TYPE = YES_ERROR;
				GCC_WARN_UNDECLARED_SELECTOR = YES;
				GCC_WARN_UNINITIALIZED_AUTOS = YES_AGGRESSIVE;
				GCC_WARN_UNUSED_FUNCTION = YES;
				GCC_WARN_UNUSED_VARIABLE = YES;
				IPHONEOS_DEPLOYMENT_TARGET = 13.0;
				LOCALIZATION_PREFERS_STRING_CATALOGS = YES;
				MTL_ENABLE_DEBUG_INFO = INCLUDE_SOURCE;
				MTL_FAST_MATH = YES;
				ONLY_ACTIVE_ARCH = YES;
				SDKROOT = iphoneos;
				SWIFT_ACTIVE_COMPILATION_CONDITIONS = "DEBUG $(inherited)";
				SWIFT_OPTIMIZATION_LEVEL = "-Onone";
			};
			name = Debug;
		};
		C14C8DE72B937D76004DDED8 /* Release */ = {
			isa = XCBuildConfiguration;
			buildSettings = {
				ALWAYS_SEARCH_USER_PATHS = NO;
				ASSETCATALOG_COMPILER_GENERATE_SWIFT_ASSET_SYMBOL_EXTENSIONS = YES;
				CLANG_ANALYZER_NONNULL = YES;
				CLANG_ANALYZER_NUMBER_OBJECT_CONVERSION = YES_AGGRESSIVE;
				CLANG_CXX_LANGUAGE_STANDARD = "gnu++20";
				CLANG_ENABLE_MODULES = YES;
				CLANG_ENABLE_OBJC_ARC = YES;
				CLANG_ENABLE_OBJC_WEAK = YES;
				CLANG_WARN_BLOCK_CAPTURE_AUTORELEASING = YES;
				CLANG_WARN_BOOL_CONVERSION = YES;
				CLANG_WARN_COMMA = YES;
				CLANG_WARN_CONSTANT_CONVERSION = YES;
				CLANG_WARN_DEPRECATED_OBJC_IMPLEMENTATIONS = YES;
				CLANG_WARN_DIRECT_OBJC_ISA_USAGE = YES_ERROR;
				CLANG_WARN_DOCUMENTATION_COMMENTS = YES;
				CLANG_WARN_EMPTY_BODY = YES;
				CLANG_WARN_ENUM_CONVERSION = YES;
				CLANG_WARN_INFINITE_RECURSION = YES;
				CLANG_WARN_INT_CONVERSION = YES;
				CLANG_WARN_NON_LITERAL_NULL_CONVERSION = YES;
				CLANG_WARN_OBJC_IMPLICIT_RETAIN_SELF = YES;
				CLANG_WARN_OBJC_LITERAL_CONVERSION = YES;
				CLANG_WARN_OBJC_ROOT_CLASS = YES_ERROR;
				CLANG_WARN_QUOTED_INCLUDE_IN_FRAMEWORK_HEADER = YES;
				CLANG_WARN_RANGE_LOOP_ANALYSIS = YES;
				CLANG_WARN_STRICT_PROTOTYPES = YES;
				CLANG_WARN_SUSPICIOUS_MOVE = YES;
				CLANG_WARN_UNGUARDED_AVAILABILITY = YES_AGGRESSIVE;
				CLANG_WARN_UNREACHABLE_CODE = YES;
				CLANG_WARN__DUPLICATE_METHOD_MATCH = YES;
				COPY_PHASE_STRIP = NO;
				DEBUG_INFORMATION_FORMAT = "dwarf-with-dsym";
				ENABLE_NS_ASSERTIONS = NO;
				ENABLE_STRICT_OBJC_MSGSEND = YES;
				ENABLE_USER_SCRIPT_SANDBOXING = YES;
				GCC_C_LANGUAGE_STANDARD = gnu17;
				GCC_NO_COMMON_BLOCKS = YES;
				GCC_WARN_64_TO_32_BIT_CONVERSION = YES;
				GCC_WARN_ABOUT_RETURN_TYPE = YES_ERROR;
				GCC_WARN_UNDECLARED_SELECTOR = YES;
				GCC_WARN_UNINITIALIZED_AUTOS = YES_AGGRESSIVE;
				GCC_WARN_UNUSED_FUNCTION = YES;
				GCC_WARN_UNUSED_VARIABLE = YES;
				IPHONEOS_DEPLOYMENT_TARGET = 13.0;
				LOCALIZATION_PREFERS_STRING_CATALOGS = YES;
				MTL_ENABLE_DEBUG_INFO = NO;
				MTL_FAST_MATH = YES;
				SDKROOT = iphoneos;
				SWIFT_COMPILATION_MODE = wholemodule;
				VALIDATE_PRODUCT = YES;
			};
			name = Release;
		};
		C14C8DE92B937D76004DDED8 /* Debug */ = {
			isa = XCBuildConfiguration;
			buildSettings = {
				ASSETCATALOG_COMPILER_APPICON_NAME = AppIcon;
				ASSETCATALOG_COMPILER_GLOBAL_ACCENT_COLOR_NAME = AccentColor;
				CODE_SIGN_STYLE = Automatic;
				CURRENT_PROJECT_VERSION = 1;
				DEVELOPMENT_TEAM = 93CLJN9JG4;
				ENABLE_USER_SCRIPT_SANDBOXING = NO;
				GENERATE_INFOPLIST_FILE = YES;
				INFOPLIST_FILE = Pictorium/Info.plist;
				INFOPLIST_KEY_UIApplicationSupportsIndirectInputEvents = YES;
				INFOPLIST_KEY_UILaunchStoryboardName = LaunchScreen;
				INFOPLIST_KEY_UIMainStoryboardFile = Main;
				INFOPLIST_KEY_UISupportedInterfaceOrientations = UIInterfaceOrientationPortrait;
				IPHONEOS_DEPLOYMENT_TARGET = 13.0;
				LD_RUNPATH_SEARCH_PATHS = (
					"$(inherited)",
					"@executable_path/Frameworks",
				);
				MARKETING_VERSION = 1.0;
				PRODUCT_BUNDLE_IDENTIFIER = "com.mocki-toki.Pictorium";
				PRODUCT_NAME = "$(TARGET_NAME)";
				SUPPORTED_PLATFORMS = "iphoneos iphonesimulator";
				SUPPORTS_MACCATALYST = NO;
				SWIFT_EMIT_LOC_STRINGS = YES;
				SWIFT_VERSION = 5.0;
				TARGETED_DEVICE_FAMILY = 1;
			};
			name = Debug;
		};
		C14C8DEA2B937D76004DDED8 /* Release */ = {
			isa = XCBuildConfiguration;
			buildSettings = {
				ASSETCATALOG_COMPILER_APPICON_NAME = AppIcon;
				ASSETCATALOG_COMPILER_GLOBAL_ACCENT_COLOR_NAME = AccentColor;
				CODE_SIGN_STYLE = Automatic;
				CURRENT_PROJECT_VERSION = 1;
				DEVELOPMENT_TEAM = 93CLJN9JG4;
				ENABLE_USER_SCRIPT_SANDBOXING = NO;
				GENERATE_INFOPLIST_FILE = YES;
				INFOPLIST_FILE = Pictorium/Info.plist;
				INFOPLIST_KEY_UIApplicationSupportsIndirectInputEvents = YES;
				INFOPLIST_KEY_UILaunchStoryboardName = LaunchScreen;
				INFOPLIST_KEY_UIMainStoryboardFile = Main;
				INFOPLIST_KEY_UISupportedInterfaceOrientations = UIInterfaceOrientationPortrait;
				IPHONEOS_DEPLOYMENT_TARGET = 13.0;
				LD_RUNPATH_SEARCH_PATHS = (
					"$(inherited)",
					"@executable_path/Frameworks",
				);
				MARKETING_VERSION = 1.0;
				PRODUCT_BUNDLE_IDENTIFIER = "com.mocki-toki.Pictorium";
				PRODUCT_NAME = "$(TARGET_NAME)";
				SUPPORTED_PLATFORMS = "iphoneos iphonesimulator";
				SUPPORTS_MACCATALYST = NO;
				SWIFT_EMIT_LOC_STRINGS = YES;
				SWIFT_VERSION = 5.0;
				TARGETED_DEVICE_FAMILY = 1;
			};
			name = Release;
		};
/* End XCBuildConfiguration section */

/* Begin XCConfigurationList section */
		C14C8DCF2B937D75004DDED8 /* Build configuration list for PBXProject "Pictorium" */ = {
			isa = XCConfigurationList;
			buildConfigurations = (
				C14C8DE62B937D76004DDED8 /* Debug */,
				C14C8DE72B937D76004DDED8 /* Release */,
			);
			defaultConfigurationIsVisible = 0;
			defaultConfigurationName = Release;
		};
		C14C8DE82B937D76004DDED8 /* Build configuration list for PBXNativeTarget "Pictorium" */ = {
			isa = XCConfigurationList;
			buildConfigurations = (
				C14C8DE92B937D76004DDED8 /* Debug */,
				C14C8DEA2B937D76004DDED8 /* Release */,
			);
			defaultConfigurationIsVisible = 0;
			defaultConfigurationName = Release;
		};
/* End XCConfigurationList section */
	};
	rootObject = C14C8DCC2B937D75004DDED8 /* Project object */;
}
